
Microsoft Visual Studio Solution File, Format Version 12.00
# Visual Studio Version 17
VisualStudioVersion = 17.9.34728.123
MinimumVisualStudioVersion = 10.0.40219.1
Project("{9A19103F-16F7-4668-BE54-9A1E7A4F7556}") = "PaizaExclusive", "PaizaExclusive\PaizaExclusive.csproj", "{663370AF-63AC-4B2C-A0F1-CE06240093D1}"
EndProject
Project("{2150E333-8FDC-42A3-9474-1A3956D46DE8}") = "ExerciseBooks", "ExerciseBooks", "{4A7F581B-EF79-4F51-B63E-9F54BA112804}"
EndProject
Project("{2150E333-8FDC-42A3-9474-1A3956D46DE8}") = "BRankLevelUpMenu", "BRankLevelUpMenu", "{48E8103F-8B10-4E87-B80F-252B3AAF08D2}"
EndProject
Project("{2150E333-8FDC-42A3-9474-1A3956D46DE8}") = "SumOfIntegers", "SumOfIntegers", "{22496EA3-9CAE-4B0B-8F28-88430F73F55B}"
EndProject
Project("{9A19103F-16F7-4668-BE54-9A1E7A4F7556}") = "Increment", "STEP1\Increment.csproj", "{210D50E3-F767-4717-8ABC-6279F38FECF5}"
EndProject
Project("{9A19103F-16F7-4668-BE54-9A1E7A4F7556}") = "MultilineInputAndOutput", "STEP2\MultilineInputAndOutput.csproj", "{401E280F-386F-4973-A397-34BDFE2783C6}"
EndProject
Project("{2150E333-8FDC-42A3-9474-1A3956D46DE8}") = "SkillCheck", "SkillCheck", "{588D2B2E-01C6-4453-BB58-D6562BE16555}"
EndProject
Project("{2150E333-8FDC-42A3-9474-1A3956D46DE8}") = "RenkB", "RenkB", "{386E310C-AF56-4E25-8DF8-41FEC8291A90}"
EndProject
Project("{2150E333-8FDC-42A3-9474-1A3956D46DE8}") = "RenkC", "RenkC", "{F5CB0571-845F-4CB2-866C-95E6EE51F381}"
EndProject
Project("{2150E333-8FDC-42A3-9474-1A3956D46DE8}") = "RenkD", "RenkD", "{5B394BC3-F598-439F-85C3-40A9D01F18E0}"
EndProject
Global
	GlobalSection(SolutionConfigurationPlatforms) = preSolution
		Debug|Any CPU = Debug|Any CPU
		Release|Any CPU = Release|Any CPU
	EndGlobalSection
	GlobalSection(ProjectConfigurationPlatforms) = postSolution
		{663370AF-63AC-4B2C-A0F1-CE06240093D1}.Debug|Any CPU.ActiveCfg = Debug|Any CPU
		{663370AF-63AC-4B2C-A0F1-CE06240093D1}.Debug|Any CPU.Build.0 = Debug|Any CPU
		{663370AF-63AC-4B2C-A0F1-CE06240093D1}.Release|Any CPU.ActiveCfg = Release|Any CPU
		{663370AF-63AC-4B2C-A0F1-CE06240093D1}.Release|Any CPU.Build.0 = Release|Any CPU
		{210D50E3-F767-4717-8ABC-6279F38FECF5}.Debug|Any CPU.ActiveCfg = Debug|Any CPU
		{210D50E3-F767-4717-8ABC-6279F38FECF5}.Debug|Any CPU.Build.0 = Debug|Any CPU
		{210D50E3-F767-4717-8ABC-6279F38FECF5}.Release|Any CPU.ActiveCfg = Release|Any CPU
		{210D50E3-F767-4717-8ABC-6279F38FECF5}.Release|Any CPU.Build.0 = Release|Any CPU
		{401E280F-386F-4973-A397-34BDFE2783C6}.Debug|Any CPU.ActiveCfg = Debug|Any CPU
		{401E280F-386F-4973-A397-34BDFE2783C6}.Debug|Any CPU.Build.0 = Debug|Any CPU
		{401E280F-386F-4973-A397-34BDFE2783C6}.Release|Any CPU.ActiveCfg = Release|Any CPU
		{401E280F-386F-4973-A397-34BDFE2783C6}.Release|Any CPU.Build.0 = Release|Any CPU
	EndGlobalSection
	GlobalSection(SolutionProperties) = preSolution
		HideSolutionNode = FALSE
	EndGlobalSection
	GlobalSection(NestedProjects) = preSolution
		{48E8103F-8B10-4E87-B80F-252B3AAF08D2} = {4A7F581B-EF79-4F51-B63E-9F54BA112804}
		{22496EA3-9CAE-4B0B-8F28-88430F73F55B} = {48E8103F-8B10-4E87-B80F-252B3AAF08D2}
		{210D50E3-F767-4717-8ABC-6279F38FECF5} = {22496EA3-9CAE-4B0B-8F28-88430F73F55B}
		{401E280F-386F-4973-A397-34BDFE2783C6} = {22496EA3-9CAE-4B0B-8F28-88430F73F55B}
		{386E310C-AF56-4E25-8DF8-41FEC8291A90} = {588D2B2E-01C6-4453-BB58-D6562BE16555}
		{F5CB0571-845F-4CB2-866C-95E6EE51F381} = {588D2B2E-01C6-4453-BB58-D6562BE16555}
		{5B394BC3-F598-439F-85C3-40A9D01F18E0} = {588D2B2E-01C6-4453-BB58-D6562BE16555}
	EndGlobalSection
	GlobalSection(ExtensibilityGlobals) = postSolution
		SolutionGuid = {033ECCCC-3405-4343-B5CD-2E1536D1975A}
	EndGlobalSection
EndGlobal
